
Microsoft Visual Studio Solution File, Format Version 12.00
# Visual Studio Version 16
VisualStudioVersion = 16.0.31424.327
MinimumVisualStudioVersion = 10.0.40219.1
Project("{FAE04EC0-301F-11D3-BF4B-00C04F79EFBC}") = "Tree", "Tree\Tree.csproj", "{ACDE206E-E1A6-4882-9294-193C32105129}"
EndProject
Project("{FAE04EC0-301F-11D3-BF4B-00C04F79EFBC}") = "Core", "Core\Core.csproj", "{960DDC94-C416-4D02-90B1-F6D082A1BC95}"
EndProject
Global
	GlobalSection(SolutionConfigurationPlatforms) = preSolution
		Debug|Any CPU = Debug|Any CPU
		Release|Any CPU = Release|Any CPU
	EndGlobalSection
	GlobalSection(ProjectConfigurationPlatforms) = postSolution
		{ACDE206E-E1A6-4882-9294-193C32105129}.Debug|Any CPU.ActiveCfg = Debug|Any CPU
		{ACDE206E-E1A6-4882-9294-193C32105129}.Debug|Any CPU.Build.0 = Debug|Any CPU
		{ACDE206E-E1A6-4882-9294-193C32105129}.Release|Any CPU.ActiveCfg = Release|Any CPU
		{ACDE206E-E1A6-4882-9294-193C32105129}.Release|Any CPU.Build.0 = Release|Any CPU
		{960DDC94-C416-4D02-90B1-F6D082A1BC95}.Debug|Any CPU.ActiveCfg = Debug|Any CPU
		{960DDC94-C416-4D02-90B1-F6D082A1BC95}.Debug|Any CPU.Build.0 = Debug|Any CPU
		{960DDC94-C416-4D02-90B1-F6D082A1BC95}.Release|Any CPU.ActiveCfg = Release|Any CPU
		{960DDC94-C416-4D02-90B1-F6D082A1BC95}.Release|Any CPU.Build.0 = Release|Any CPU
	EndGlobalSection
	GlobalSection(SolutionProperties) = preSolution
		HideSolutionNode = FALSE
	EndGlobalSection
	GlobalSection(ExtensibilityGlobals) = postSolution
		SolutionGuid = {FE6EBE29-330D-45B7-820C-671969CBAB19}
	EndGlobalSection
EndGlobal
